
Microsoft Visual Studio Solution File, Format Version 11.00
# Visual Studio 2010
Project("{FAE04EC0-301F-11D3-BF4B-00C04F79EFBC}") = "Agar.io like game(CG Final Project)", "Assembly-CSharp.csproj", "{A04154B2-A89C-1787-B768-4F8DE973219B}"
EndProject
Global
	GlobalSection(SolutionConfigurationPlatforms) = preSolution
		Debug|Any CPU = Debug|Any CPU
		Release|Any CPU = Release|Any CPU
	EndGlobalSection
	GlobalSection(ProjectConfigurationPlatforms) = postSolution
		{A04154B2-A89C-1787-B768-4F8DE973219B}.Debug|Any CPU.ActiveCfg = Debug|Any CPU
		{A04154B2-A89C-1787-B768-4F8DE973219B}.Debug|Any CPU.Build.0 = Debug|Any CPU
		{A04154B2-A89C-1787-B768-4F8DE973219B}.Release|Any CPU.ActiveCfg = Release|Any CPU
		{A04154B2-A89C-1787-B768-4F8DE973219B}.Release|Any CPU.Build.0 = Release|Any CPU
	EndGlobalSection
	GlobalSection(SolutionProperties) = preSolution
		HideSolutionNode = FALSE
	EndGlobalSection
	GlobalSection(MonoDevelopProperties) = preSolution
		StartupItem = Assembly-CSharp.csproj
	EndGlobalSection
EndGlobal
